
Microsoft Visual Studio Solution File, Format Version 12.00
# Visual Studio 15
VisualStudioVersion = 15.0.27703.2000
MinimumVisualStudioVersion = 10.0.40219.1
Project("{2150E333-8FDC-42A3-9474-1A3956D46DE8}") = "Solution Items", "Solution Items", "{012A53D6-40F1-49B2-9310-79E81D975EF8}"
	ProjectSection(SolutionItems) = preProject
		LICENSE.txt = LICENSE.txt
		README.md = README.md
	EndProjectSection
EndProject
Project("{9A19103F-16F7-4668-BE54-9A1E7A4F7556}") = "AjaxControlToolkit.ScriptUserControl", "AjaxControlToolkit.ScriptUserControl\AjaxControlToolkit.ScriptUserControl.csproj", "{E5CD816F-AFA5-4BD8-B03A-37EBB3DAA069}"
EndProject
Project("{FAE04EC0-301F-11D3-BF4B-00C04F79EFBC}") = "AjaxControlToolkit.ScriptUserControlDemo", "AjaxControlToolkit.ScriptUserControlDemo\AjaxControlToolkit.ScriptUserControlDemo.csproj", "{B8B8D82B-8C0E-454E-8072-A8E8884D695B}"
EndProject
Global
	GlobalSection(SolutionConfigurationPlatforms) = preSolution
		Debug|Any CPU = Debug|Any CPU
		Release|Any CPU = Release|Any CPU
	EndGlobalSection
	GlobalSection(ProjectConfigurationPlatforms) = postSolution
		{E5CD816F-AFA5-4BD8-B03A-37EBB3DAA069}.Debug|Any CPU.ActiveCfg = Debug|Any CPU
		{E5CD816F-AFA5-4BD8-B03A-37EBB3DAA069}.Debug|Any CPU.Build.0 = Debug|Any CPU
		{E5CD816F-AFA5-4BD8-B03A-37EBB3DAA069}.Release|Any CPU.ActiveCfg = Release|Any CPU
		{E5CD816F-AFA5-4BD8-B03A-37EBB3DAA069}.Release|Any CPU.Build.0 = Release|Any CPU
		{B8B8D82B-8C0E-454E-8072-A8E8884D695B}.Debug|Any CPU.ActiveCfg = Debug|Any CPU
		{B8B8D82B-8C0E-454E-8072-A8E8884D695B}.Debug|Any CPU.Build.0 = Debug|Any CPU
		{B8B8D82B-8C0E-454E-8072-A8E8884D695B}.Release|Any CPU.ActiveCfg = Release|Any CPU
		{B8B8D82B-8C0E-454E-8072-A8E8884D695B}.Release|Any CPU.Build.0 = Release|Any CPU
	EndGlobalSection
	GlobalSection(SolutionProperties) = preSolution
		HideSolutionNode = FALSE
	EndGlobalSection
	GlobalSection(ExtensibilityGlobals) = postSolution
		SolutionGuid = {0C95205C-79F8-4B45-A068-C0758F896D3C}
	EndGlobalSection
EndGlobal
